
Microsoft Visual Studio Solution File, Format Version 12.00
# Visual Studio Version 17
VisualStudioVersion = 17.9.34728.123
MinimumVisualStudioVersion = 10.0.40219.1
Project("{9A19103F-16F7-4668-BE54-9A1E7A4F7556}") = "Blazor_ToDoApp", "Blazor_ToDoApp\Blazor_ToDoApp.csproj", "{F7D7579D-A671-41DB-8BC0-8CFCFFC38D69}"
EndProject
Project("{9A19103F-16F7-4668-BE54-9A1E7A4F7556}") = "ToDoApp.Shared", "ToDoApp.Shared\ToDoApp.Shared.csproj", "{4A95A9A4-63D5-4259-B084-3B19B5AD9695}"
EndProject
Project("{9A19103F-16F7-4668-BE54-9A1E7A4F7556}") = "ToDoApp.API", "ToDoApp.API\ToDoApp.API.csproj", "{4FC47773-CF98-4D8A-B027-CF9BD6EB604F}"
EndProject
Project("{FAE04EC0-301F-11D3-BF4B-00C04F79EFBC}") = "ToDoApp.Tests", "ToDoApp.Tests\ToDoApp.Tests.csproj", "{8B8BCE83-5325-44C4-957A-93324599E7B1}"
EndProject
Global
	GlobalSection(SolutionConfigurationPlatforms) = preSolution
		Debug|Any CPU = Debug|Any CPU
		Release|Any CPU = Release|Any CPU
	EndGlobalSection
	GlobalSection(ProjectConfigurationPlatforms) = postSolution
		{F7D7579D-A671-41DB-8BC0-8CFCFFC38D69}.Debug|Any CPU.ActiveCfg = Debug|Any CPU
		{F7D7579D-A671-41DB-8BC0-8CFCFFC38D69}.Debug|Any CPU.Build.0 = Debug|Any CPU
		{F7D7579D-A671-41DB-8BC0-8CFCFFC38D69}.Release|Any CPU.ActiveCfg = Release|Any CPU
		{F7D7579D-A671-41DB-8BC0-8CFCFFC38D69}.Release|Any CPU.Build.0 = Release|Any CPU
		{4A95A9A4-63D5-4259-B084-3B19B5AD9695}.Debug|Any CPU.ActiveCfg = Debug|Any CPU
		{4A95A9A4-63D5-4259-B084-3B19B5AD9695}.Debug|Any CPU.Build.0 = Debug|Any CPU
		{4A95A9A4-63D5-4259-B084-3B19B5AD9695}.Release|Any CPU.ActiveCfg = Release|Any CPU
		{4A95A9A4-63D5-4259-B084-3B19B5AD9695}.Release|Any CPU.Build.0 = Release|Any CPU
		{4FC47773-CF98-4D8A-B027-CF9BD6EB604F}.Debug|Any CPU.ActiveCfg = Debug|Any CPU
		{4FC47773-CF98-4D8A-B027-CF9BD6EB604F}.Debug|Any CPU.Build.0 = Debug|Any CPU
		{4FC47773-CF98-4D8A-B027-CF9BD6EB604F}.Release|Any CPU.ActiveCfg = Release|Any CPU
		{4FC47773-CF98-4D8A-B027-CF9BD6EB604F}.Release|Any CPU.Build.0 = Release|Any CPU
		{8B8BCE83-5325-44C4-957A-93324599E7B1}.Debug|Any CPU.ActiveCfg = Debug|Any CPU
		{8B8BCE83-5325-44C4-957A-93324599E7B1}.Debug|Any CPU.Build.0 = Debug|Any CPU
		{8B8BCE83-5325-44C4-957A-93324599E7B1}.Release|Any CPU.ActiveCfg = Release|Any CPU
		{8B8BCE83-5325-44C4-957A-93324599E7B1}.Release|Any CPU.Build.0 = Release|Any CPU
	EndGlobalSection
	GlobalSection(SolutionProperties) = preSolution
		HideSolutionNode = FALSE
	EndGlobalSection
	GlobalSection(ExtensibilityGlobals) = postSolution
		SolutionGuid = {C5D0DC74-73C1-43B9-A025-5F9133654DB3}
	EndGlobalSection
EndGlobal
