
Microsoft Visual Studio Solution File, Format Version 12.00
# Visual Studio Version 17
VisualStudioVersion = 17.10.35122.118
MinimumVisualStudioVersion = 10.0.40219.1
Project("{FAE04EC0-301F-11D3-BF4B-00C04F79EFBC}") = "BUnitTest", "BUnitTest\BUnitTest\BUnitTest.csproj", "{38B4B1C9-897C-47C7-9904-77A15E3B2D21}"
EndProject
Project("{FAE04EC0-301F-11D3-BF4B-00C04F79EFBC}") = "BUnitTest.Client", "BUnitTest\BUnitTest.Client\BUnitTest.Client.csproj", "{44C849F1-454E-4241-B79F-588E1F7F046F}"
EndProject
Project("{FAE04EC0-301F-11D3-BF4B-00C04F79EFBC}") = "BUnitTest.Tests", "BUnitTest.Tests\BUnitTest.Tests.csproj", "{9DB9E447-7A45-4420-881B-906E2230CBD5}"
EndProject
Global
	GlobalSection(SolutionConfigurationPlatforms) = preSolution
		Debug|Any CPU = Debug|Any CPU
		Release|Any CPU = Release|Any CPU
	EndGlobalSection
	GlobalSection(ProjectConfigurationPlatforms) = postSolution
		{38B4B1C9-897C-47C7-9904-77A15E3B2D21}.Debug|Any CPU.ActiveCfg = Debug|Any CPU
		{38B4B1C9-897C-47C7-9904-77A15E3B2D21}.Debug|Any CPU.Build.0 = Debug|Any CPU
		{38B4B1C9-897C-47C7-9904-77A15E3B2D21}.Release|Any CPU.ActiveCfg = Release|Any CPU
		{38B4B1C9-897C-47C7-9904-77A15E3B2D21}.Release|Any CPU.Build.0 = Release|Any CPU
		{44C849F1-454E-4241-B79F-588E1F7F046F}.Debug|Any CPU.ActiveCfg = Debug|Any CPU
		{44C849F1-454E-4241-B79F-588E1F7F046F}.Debug|Any CPU.Build.0 = Debug|Any CPU
		{44C849F1-454E-4241-B79F-588E1F7F046F}.Release|Any CPU.ActiveCfg = Release|Any CPU
		{44C849F1-454E-4241-B79F-588E1F7F046F}.Release|Any CPU.Build.0 = Release|Any CPU
		{9DB9E447-7A45-4420-881B-906E2230CBD5}.Debug|Any CPU.ActiveCfg = Debug|Any CPU
		{9DB9E447-7A45-4420-881B-906E2230CBD5}.Debug|Any CPU.Build.0 = Debug|Any CPU
		{9DB9E447-7A45-4420-881B-906E2230CBD5}.Release|Any CPU.ActiveCfg = Release|Any CPU
		{9DB9E447-7A45-4420-881B-906E2230CBD5}.Release|Any CPU.Build.0 = Release|Any CPU
	EndGlobalSection
	GlobalSection(SolutionProperties) = preSolution
		HideSolutionNode = FALSE
	EndGlobalSection
	GlobalSection(ExtensibilityGlobals) = postSolution
		SolutionGuid = {6A420AA5-ED84-4499-BACD-D8C66A3A270E}
	EndGlobalSection
EndGlobal
